Microsoft Visual Studio Solution File, Format Version 12.00
# Visual Studio Version 17
VisualStudioVersion = 17.5.2.0
MinimumVisualStudioVersion = 10.0.40219.1
Project("{2150E333-8FDC-42A3-9474-1A3956D46DE8}") = "te-web-app", "te-web-app", "{5FA3EF0A-BAB5-7590-D893-99AA2403C394}"
EndProject
Project("{FAE04EC0-301F-11D3-BF4B-00C04F79EFBC}") = "EconSite.Api", "te-web-app\EconSite.Api\EconSite.Api.csproj", "{EE077454-2336-1019-7D6D-52D8B1E848A7}"
EndProject
Global
	GlobalSection(SolutionConfigurationPlatforms) = preSolution
		Debug|Any CPU = Debug|Any CPU
		Release|Any CPU = Release|Any CPU
	EndGlobalSection
	GlobalSection(ProjectConfigurationPlatforms) = postSolution
		{EE077454-2336-1019-7D6D-52D8B1E848A7}.Debug|Any CPU.ActiveCfg = Debug|Any CPU
		{EE077454-2336-1019-7D6D-52D8B1E848A7}.Debug|Any CPU.Build.0 = Debug|Any CPU
		{EE077454-2336-1019-7D6D-52D8B1E848A7}.Release|Any CPU.ActiveCfg = Release|Any CPU
		{EE077454-2336-1019-7D6D-52D8B1E848A7}.Release|Any CPU.Build.0 = Release|Any CPU
	EndGlobalSection
	GlobalSection(SolutionProperties) = preSolution
		HideSolutionNode = FALSE
	EndGlobalSection
	GlobalSection(NestedProjects) = preSolution
		{EE077454-2336-1019-7D6D-52D8B1E848A7} = {5FA3EF0A-BAB5-7590-D893-99AA2403C394}
	EndGlobalSection
	GlobalSection(ExtensibilityGlobals) = postSolution
		SolutionGuid = {BDFFB922-FFF4-4F80-9FF4-81B77BFA6668}
	EndGlobalSection
EndGlobal
